github.com/schnerring/hugo-mod-json-resume v0.0.0-20231111160416-949fadf4da72 h1:yNHSbQ/giD7+1yrLBd3qJXv5ohPuOW78O7cpsGti1Zk=
github.com/schnerring/hugo-mod-json-resume v0.0.0-20231111160416-949fadf4da72/go.mod h1:s6HEQq5n6D9UWK2ucmu+XLW6BH1nW6DvAXV4T4g8fPY=
github.com/schnerring/hugo-theme-gruvbox v0.0.0-20231107133328-95543490092f h1:0iRv/XdSslE0EVrG9LUPfJb5Ugq5IcvMsukbE/Gt9bI=
github.com/schnerring/hugo-theme-gruvbox v0.0.0-20231107133328-95543490092f/go.mod h1:ZEP0AB4v1k845Jmx9XmOY39CuR7Zud/owFh8wRGgeZg=
